{
  "pins" : [
    {
      "identity" : "swift-lmdb",
      "kind" : "remoteSourceControl",
      "location" : "https://github.com/swiftlang/swift-lmdb.git",
      "state" : {
        "branch" : "swift-5.10.1-RELEASE",
        "revision" : "584941b1236b15bad74d8163785d389c028b1ad8"
      }
    },
    {
      "identity" : "swift-syntax",
      "kind" : "remoteSourceControl",
      "location" : "https://github.com/apple/swift-syntax.git",
      "state" : {
        "revision" : "64889f0c732f210a935a0ad7cda38f77f876262d",
        "version" : "509.1.1"
      }
    },
    {
      "identity" : "swiftlmdb",
      "kind" : "remoteSourceControl",
      "location" : "https://github.com/HyanCat/SwiftLMDB.git",
      "state" : {
        "branch" : "develop",
        "revision" : "b01118f3a6eb15765cceb43f8058fdfc2e2fbd09"
      }
    }
  ],
  "version" : 2
}
